
Microsoft Visual Studio Solution File, Format Version 11.00
# Visual Studio 2010
Project("{FAE04EC0-301F-11D3-BF4B-00C04F79EFBC}") = "WormholeSpace", "WormholeSpace\WormholeSpace.csproj", "{1BE90423-D832-4019-B9E1-E67FA117F7EF}"
EndProject
Global
	GlobalSection(SolutionConfigurationPlatforms) = preSolution
		Debug|Any CPU = Debug|Any CPU
		Release|Any CPU = Release|Any CPU
	EndGlobalSection
	GlobalSection(ProjectConfigurationPlatforms) = postSolution
		{1BE90423-D832-4019-B9E1-E67FA117F7EF}.Debug|Any CPU.ActiveCfg = Debug|Any CPU
		{1BE90423-D832-4019-B9E1-E67FA117F7EF}.Debug|Any CPU.Build.0 = Debug|Any CPU
		{1BE90423-D832-4019-B9E1-E67FA117F7EF}.Release|Any CPU.ActiveCfg = Release|Any CPU
		{1BE90423-D832-4019-B9E1-E67FA117F7EF}.Release|Any CPU.Build.0 = Release|Any CPU
	EndGlobalSection
	GlobalSection(SolutionProperties) = preSolution
		HideSolutionNode = FALSE
	EndGlobalSection
EndGlobal
